{
  "version": "2",
  "remote": {
    "https://deno.land/std@0.190.0/_util/asserts.ts": "178dfc49a464aee693a7e285567b3d0b555dc805ff490505a8aae34f9cfb1462",
    "https://deno.land/std@0.190.0/_util/os.ts": "d932f56d41e4f6a6093d56044e29ce637f8dcc43c5a90af43504a889cf1775e3",
    "https://deno.land/std@0.190.0/fs/_util.ts": "579038bebc3bd35c43a6a7766f7d91fbacdf44bc03468e9d3134297bb99ed4f9",
    "https://deno.land/std@0.190.0/fs/copy.ts": "14214efd94fc3aa6db1e4af2b4b9578e50f7362b7f3725d5a14ad259a5df26c8",
    "https://deno.land/std@0.190.0/fs/empty_dir.ts": "c3d2da4c7352fab1cf144a1ecfef58090769e8af633678e0f3fabaef98594688",
    "https://deno.land/std@0.190.0/fs/ensure_dir.ts": "dc64c4c75c64721d4e3fb681f1382f803ff3d2868f08563ff923fdd20d071c40",
    "https://deno.land/std@0.190.0/fs/ensure_file.ts": "c38602670bfaf259d86ca824a94e6cb9e5eb73757fefa4ebf43a90dd017d53d9",
    "https://deno.land/std@0.190.0/fs/ensure_link.ts": "c0f5b2f0ec094ed52b9128eccb1ee23362a617457aa0f699b145d4883f5b2fb4",
    "https://deno.land/std@0.190.0/fs/ensure_symlink.ts": "5006ab2f458159c56d689b53b1e48d57e05eeb1eaf64e677f7f76a30bc4fdba1",
    "https://deno.land/std@0.190.0/fs/eol.ts": "f1f2eb348a750c34500741987b21d65607f352cf7205f48f4319d417fff42842",
    "https://deno.land/std@0.190.0/fs/exists.ts": "29c26bca8584a22876be7cb8844f1b6c8fc35e9af514576b78f5c6884d7ed02d",
    "https://deno.land/std@0.190.0/fs/expand_glob.ts": "e4f56259a0a70fe23f05215b00de3ac5e6ba46646ab2a06ebbe9b010f81c972a",
    "https://deno.land/std@0.190.0/fs/mod.ts": "bc3d0acd488cc7b42627044caf47d72019846d459279544e1934418955ba4898",
    "https://deno.land/std@0.190.0/fs/move.ts": "b4f8f46730b40c32ea3c0bc8eb0fd0e8139249a698883c7b3756424cf19785c9",
    "https://deno.land/std@0.190.0/fs/walk.ts": "920be35a7376db6c0b5b1caf1486fb962925e38c9825f90367f8f26b5e5d0897",
    "https://deno.land/std@0.190.0/path/_constants.ts": "e49961f6f4f48039c0dfed3c3f93e963ca3d92791c9d478ac5b43183413136e0",
    "https://deno.land/std@0.190.0/path/_interface.ts": "6471159dfbbc357e03882c2266d21ef9afdb1e4aa771b0545e90db58a0ba314b",
    "https://deno.land/std@0.190.0/path/_util.ts": "d7abb1e0dea065f427b89156e28cdeb32b045870acdf865833ba808a73b576d0",
    "https://deno.land/std@0.190.0/path/common.ts": "ee7505ab01fd22de3963b64e46cff31f40de34f9f8de1fff6a1bd2fe79380000",
    "https://deno.land/std@0.190.0/path/glob.ts": "d479e0a695621c94d3fd7fe7abd4f9499caf32a8de13f25073451c6ef420a4e1",
    "https://deno.land/std@0.190.0/path/mod.ts": "ee161baec5ded6510ee1d1fb6a75a0f5e4b41f3f3301c92c716ecbdf7dae910d",
    "https://deno.land/std@0.190.0/path/posix.ts": "8b7c67ac338714b30c816079303d0285dd24af6b284f7ad63da5b27372a2c94d",
    "https://deno.land/std@0.190.0/path/separator.ts": "0fb679739d0d1d7bf45b68dacfb4ec7563597a902edbaf3c59b50d5bcadd93b1",
    "https://deno.land/std@0.190.0/path/win32.ts": "d186344e5583bcbf8b18af416d13d82b35a317116e6460a5a3953508c3de5bba",
    "https://deno.land/x/denoflate@1.2.1/mod.ts": "f5628e44b80b3d80ed525afa2ba0f12408e3849db817d47a883b801f9ce69dd6",
    "https://deno.land/x/denoflate@1.2.1/pkg/denoflate.js": "b9f9ad9457d3f12f28b1fb35c555f57443427f74decb403113d67364e4f2caf4",
    "https://deno.land/x/denoflate@1.2.1/pkg/denoflate_bg.wasm.js": "d581956245407a2115a3d7e8d85a9641c032940a8e810acbd59ca86afd34d44d",
    "https://deno.land/x/esbuild@v0.17.19/mod.d.ts": "dc279a3a46f084484453e617c0cabcd5b8bd1920c0e562e4ea02dfc828c8f968",
    "https://deno.land/x/esbuild@v0.17.19/mod.js": "7f4398625828a42fcb2c32da5eb874f16341d778e473d5403e5ebeee95a5b96b",
    "https://deno.land/x/esbuild_plugin_http_fetch@v1.0.3/index.js": "e4c54ff2747437390dbc1819fe10d38f6497fb1552a3e54a5f90c0b6d88ecfce",
    "https://esm.sh/esbuild-gas-plugin@0.5.2/mod.ts": "a961c7d705a9f8c656408f737fdb8c2c3c9e1e503291c82f8a0de73f0a0cb1db",
    "https://esm.sh/gas-entry-generator@2.1.0": "19736e8cfab7f440a4c550b5a12285abb39eb540ae5e43f39aa7ca6d7cc2f5b5",
    "https://esm.sh/v125/@types/google-apps-script-oauth2@38.0.0/index.d.ts": "45a18e4878819417310b894972f2d9f67d39b4962b48b39fc8db75ed0f709206",
    "https://esm.sh/v125/@types/google-apps-script@1.0.64/addons/google-apps-script.addon-event-objects.d.ts": "902708c6b0c190f3c95b5aa36302974a2a0c0780c105324ed435695140b16940",
    "https://esm.sh/v125/@types/google-apps-script@1.0.64/apis/adsense_v1_4.d.ts": "934b2e7e4a94140e302f90a423f4897f2b673fc550f3427851071ebe71407385",
    "https://esm.sh/v125/@types/google-apps-script@1.0.64/apis/analytics_v3.d.ts": "d731a090403a00341e83c7a2944713e5ad0014d2343e2ade5713e4950eb8d7dc",
    "https://esm.sh/v125/@types/google-apps-script@1.0.64/apis/analyticsreporting_v4.d.ts": "b07c17e10e45b8ad4410c49aa0241da1cbc16b285cf1a76353c60a9183548cee",
    "https://esm.sh/v125/@types/google-apps-script@1.0.64/apis/appsactivity_v1.d.ts": "107eab4f2f5ebc4cff6aebb13ea7c605899113316db511a12e79d912724afc14",
    "https://esm.sh/v125/@types/google-apps-script@1.0.64/apis/bigquery_v2.d.ts": "cc072f95e146e7b422d32ca79d2ddcc9dff5f2c086755db0b580cc84cf343df2",
    "https://esm.sh/v125/@types/google-apps-script@1.0.64/apis/calendar_v3.d.ts": "24a61e479df56b5412f6d3caa541e96ef5f2ebae1bfb0620d4aecdfd2c665c94",
    "https://esm.sh/v125/@types/google-apps-script@1.0.64/apis/classroom_v1.d.ts": "bd4a7f59dd487b824911c963e2a80719ac451cbd7da916fe0e1e49808d8ae6f9",
    "https://esm.sh/v125/@types/google-apps-script@1.0.64/apis/content_v2.d.ts": "a4d6e98a2e22cde484e1412b45a3d1b6830c4f132bbe1790ec99e481ec705794",
    "https://esm.sh/v125/@types/google-apps-script@1.0.64/apis/dfareporting_v3_3.d.ts": "e42059399c47e41c7feb619c5ff5b0a76ef432685fb0c7a3834e7cf2db6f2c78",
    "https://esm.sh/v125/@types/google-apps-script@1.0.64/apis/directory_v1.d.ts": "7aed004a229400e65e7bef4b8823458b79df37ad753c09707cdf365499c65570",
    "https://esm.sh/v125/@types/google-apps-script@1.0.64/apis/docs_v1.d.ts": "50a5a40876ebf5124ec824f873a12fda54a2d811b9229f8e99e81c5d08737564",
    "https://esm.sh/v125/@types/google-apps-script@1.0.64/apis/drive_v2.d.ts": "ad2357a9cd4b3e2b932d2bd9c6fdab087583e952e408a6b6dda2b584f2553d40",
    "https://esm.sh/v125/@types/google-apps-script@1.0.64/apis/driveactivity_v2.d.ts": "881e80a2c0f38af868982288d00b90ab1adefb6cd66aab17ff85b3afb47de086",
    "https://esm.sh/v125/@types/google-apps-script@1.0.64/apis/gmail_v1.d.ts": "2c2979241ba421f453dcf2f20be34da6ddb783e256c1cada67efce3588e15fc8",
    "https://esm.sh/v125/@types/google-apps-script@1.0.64/apis/groupsmigration_v1.d.ts": "7c033090e21871d18c6cea935dabfd8593cd78b2de4871c83c870c2d2a1a2cb0",
    "https://esm.sh/v125/@types/google-apps-script@1.0.64/apis/groupssettings_v1.d.ts": "6c0c9e418155d0a67b4a902468d4d5c592a036753780939e8ee70e552b7ca69f",
    "https://esm.sh/v125/@types/google-apps-script@1.0.64/apis/licensing_v1.d.ts": "fa590a337f12ef23ebd3dffee0690caf4c45865d690ce56aa92919c517a818e3",
    "https://esm.sh/v125/@types/google-apps-script@1.0.64/apis/mirror_v1.d.ts": "2b9bdc05077c60689080d6489eac5825d875d9ab281c84da3cd519b89260fd41",
    "https://esm.sh/v125/@types/google-apps-script@1.0.64/apis/peopleapi_v1.d.ts": "905d2c075f65c11d97e9074d397ba34097bf02248ec2c8cc4b44efe49b528216",
    "https://esm.sh/v125/@types/google-apps-script@1.0.64/apis/reports_v1.d.ts": "e11465fb79cde037d68f3ee6cce476d94dd3474a2c870ab840d7da2028bec069",
    "https://esm.sh/v125/@types/google-apps-script@1.0.64/apis/reseller_v1.d.ts": "37d96e5074256641b029c6e024ae9099767281b4765277d4b2d4ecd5121f96a9",
    "https://esm.sh/v125/@types/google-apps-script@1.0.64/apis/sheets_v4.d.ts": "394cfe38cc17cdc56d5b2fe49ee580a6c49824b9374f5e713c972714336d20aa",
    "https://esm.sh/v125/@types/google-apps-script@1.0.64/apis/slides_v1.d.ts": "81dcd1bec4481f9706aca134d82932db8033f806c07cf303d94bc0f1c0970808",
    "https://esm.sh/v125/@types/google-apps-script@1.0.64/apis/tagmanager_v2.d.ts": "550422a99b1fe3e478400c6b256c88fe5eaa918081d1c862e6dd775dcff73b76",
    "https://esm.sh/v125/@types/google-apps-script@1.0.64/apis/tasks_v1.d.ts": "76a132298c37942ca2b3e3511d9a9faf66051b2686df7d73603131ab5593fd54",
    "https://esm.sh/v125/@types/google-apps-script@1.0.64/apis/youtube_v3.d.ts": "deeb0357efe03a4a9561a1db82c3f88a2dba19b6af8b1413a0cf6735253a9bd6",
    "https://esm.sh/v125/@types/google-apps-script@1.0.64/apis/youtubeanalytics_v2.d.ts": "6507964e7d4cb033c1334d06e8961ae4370e8fde1901c90c662eefc26dae78b4",
    "https://esm.sh/v125/@types/google-apps-script@1.0.64/apis/youtubepartner_v1.d.ts": "5cc329c02069174c69facfdddff7d81abd1cf8aa20c2d74f7f5cdbd7f5b89b91",
    "https://esm.sh/v125/@types/google-apps-script@1.0.64/google-apps-script-events.d.ts": "3d839ff6b42d2a9629e1936d1850ac6c28ae2a67b8da608f3eb0cdb2282df0f4",
    "https://esm.sh/v125/@types/google-apps-script@1.0.64/google-apps-script.base.d.ts": "be8e7883b16315904d6636543e1612d03d7aaab7c848b6c9e39c8c10a5929970",
    "https://esm.sh/v125/@types/google-apps-script@1.0.64/google-apps-script.cache.d.ts": "ae5807bbc76794afa463d34b5fa93eecd50c93fa4fa7d3555643abff07d2def9",
    "https://esm.sh/v125/@types/google-apps-script@1.0.64/google-apps-script.calendar.d.ts": "fd0f7ad77ee90dccd9fc60bb8f80b88c1d5952d32e4024dda3a8e062f8893dc9",
    "https://esm.sh/v125/@types/google-apps-script@1.0.64/google-apps-script.card-service.d.ts": "7c8e1dca852f273061e32d690f5423a800128903c59cff4ab9fdc077f1b7c547",
    "https://esm.sh/v125/@types/google-apps-script@1.0.64/google-apps-script.charts.d.ts": "de9ebc92f8515d6060ad8ad7212d1894aec8a2bcafc2900c6809c6f1e14be3a7",
    "https://esm.sh/v125/@types/google-apps-script@1.0.64/google-apps-script.conference-data.d.ts": "253b5e6e11a5a7a05f6c018a37067839f717ee20bc1ee84eb85480ecfc4b34ef",
    "https://esm.sh/v125/@types/google-apps-script@1.0.64/google-apps-script.contacts.d.ts": "617a875d830419b919cb2ef413dc6c119896aedc8ec79a7f020b9e5f11e9c411",
    "https://esm.sh/v125/@types/google-apps-script@1.0.64/google-apps-script.content.d.ts": "59a96278c25534ac41a93f7bfa5c6d7992a18d6d9a5251edea80658ac21c12a8",
    "https://esm.sh/v125/@types/google-apps-script@1.0.64/google-apps-script.data-studio.d.ts": "7ca64aeffe56d32a83dad2e9f0c087cd1058ffec6e6cb76362ea82cacd2d9d5f",
    "https://esm.sh/v125/@types/google-apps-script@1.0.64/google-apps-script.document.d.ts": "c97f42605734052ce8a687bb399bc811ed258c834afd4430e90329a444e3cc5d",
    "https://esm.sh/v125/@types/google-apps-script@1.0.64/google-apps-script.drive.d.ts": "ac15ce895df35cf49d1a070bdc81d32b42b9ccc79abc51c62e9d7614179e7117",
    "https://esm.sh/v125/@types/google-apps-script@1.0.64/google-apps-script.forms.d.ts": "9f3c6a6a3d4813c31287d2f1aec7b010f1ac243ed67013ac4a261027bd7b579e",
    "https://esm.sh/v125/@types/google-apps-script@1.0.64/google-apps-script.gmail.d.ts": "9664dbc4f7f05f3a93b0b8003d8b1bcd6187fcc5997c23cf834ed3d0c3bb60aa",
    "https://esm.sh/v125/@types/google-apps-script@1.0.64/google-apps-script.groups.d.ts": "f52dbc10e0bd876617baceb649bbcecd771a30d4f9d3bc9a94d19321df345ddc",
    "https://esm.sh/v125/@types/google-apps-script@1.0.64/google-apps-script.html.d.ts": "f70056e0fba3f940eafdf97464fea739a9cf6734026c1d237cb21a09b1d416c3",
    "https://esm.sh/v125/@types/google-apps-script@1.0.64/google-apps-script.jdbc.d.ts": "bbfd027de3b16dcddf2e931e4248df5ef7287f9dd39f8fdbb8a10f8a73e6ec32",
    "https://esm.sh/v125/@types/google-apps-script@1.0.64/google-apps-script.language.d.ts": "1cbdcf81c18ab1be1442c6d10eca73d3b9fb2a3e2d5eda916bdef99f7a487abf",
    "https://esm.sh/v125/@types/google-apps-script@1.0.64/google-apps-script.lock.d.ts": "a77eb8342b38d2a7d7e5a948f2b18c7508c6cb42b29f16d060819d58d959c2a3",
    "https://esm.sh/v125/@types/google-apps-script@1.0.64/google-apps-script.mail.d.ts": "6e98a1be983e432dd6c975bb54569ffcee6a863da5a1ec55e2b0177ef0a46d13",
    "https://esm.sh/v125/@types/google-apps-script@1.0.64/google-apps-script.maps.d.ts": "46f0eba0019f8d09ada9ef31c35c6e4e7d0087210b24bf0706cd79a7386223a1",
    "https://esm.sh/v125/@types/google-apps-script@1.0.64/google-apps-script.optimization.d.ts": "0eea8eb82a61721dde6aa210e34f6d186a25e87add183d636628c644208515a0",
    "https://esm.sh/v125/@types/google-apps-script@1.0.64/google-apps-script.properties.d.ts": "2ecb841fadbf831b2332a3a1759f604194092bdab1faa3163cf2fa62e5ba779e",
    "https://esm.sh/v125/@types/google-apps-script@1.0.64/google-apps-script.script.d.ts": "fcede2082cc8d07b8b660aa640d08e59c545e3b97e191e15dbdebf94d99115b8",
    "https://esm.sh/v125/@types/google-apps-script@1.0.64/google-apps-script.sites.d.ts": "e794799497b6802b81a03808623fa7d8d32a0d9beb9aec9e82e8725f3291249c",
    "https://esm.sh/v125/@types/google-apps-script@1.0.64/google-apps-script.slides.d.ts": "855e972697d3e23630609c6f2fc8c398da78d2a4c6f2979d8b8a1012fbe5e3a2",
    "https://esm.sh/v125/@types/google-apps-script@1.0.64/google-apps-script.spreadsheet.d.ts": "d9603333d52a41487750f59560f1d67705a4b1c3ed949d8a2344b0f777caf096",
    "https://esm.sh/v125/@types/google-apps-script@1.0.64/google-apps-script.types.d.ts": "2d39ddb795ef58c99f279cd77b0422aeb4663d21b62cb3ed17cf9f8412da9387",
    "https://esm.sh/v125/@types/google-apps-script@1.0.64/google-apps-script.url-fetch.d.ts": "5d0103c6605eec7716455f45203ab7f30eda5a224cf0795a561d09b65660ce6d",
    "https://esm.sh/v125/@types/google-apps-script@1.0.64/google-apps-script.utilities.d.ts": "7a85ef287bc0cd9358cd86420f9d5d212044defe688709bde1b88b3bcc91e2e2",
    "https://esm.sh/v125/@types/google-apps-script@1.0.64/google-apps-script.xml-service.d.ts": "703d20bbc8bc79a88d9bcd699bb370b182209345e9db58baf550b357e21c68eb",
    "https://esm.sh/v125/@types/google-apps-script@1.0.64/index.d.ts": "ee62c0464ddd91c28e5d9c1d3fb8d42b17f4b5d80874d3aac4f6f5ef96579e03",
    "https://esm.sh/v125/esbuild-gas-plugin@0.5.2/denonext/mod.ts.js": "d84d2f4a8c4e079407edce35265eab56e8b74cc58e6b739483314cb7cd9f6c28",
    "https://esm.sh/v125/escodegen@2.0.0/denonext/escodegen.mjs": "dbf88382f20a62c9de64c9ad06d2098801d5a3a8888e70f5ef50c8fb24dc47d7",
    "https://esm.sh/v125/esprima@4.0.1/denonext/esprima.mjs": "e8601201d5cc2c881a4a1225806fa460455917137b2b852354c2cf3bc2a60f78",
    "https://esm.sh/v125/estraverse@5.2.0/denonext/estraverse.mjs": "35b6fb5a127e46b406075bd498e09b03956aa9481a65e61eaa2ac9894f0d94fa",
    "https://esm.sh/v125/estraverse@5.3.0/denonext/estraverse.mjs": "3e3574b932e1b7c1476f467e6103559d7b978df412e50b6b97299679d4556004",
    "https://esm.sh/v125/esutils@2.0.3/denonext/esutils.mjs": "56b9038ae71de0a374c86435a347793030afc96deb151466a5009cb5384a85d0",
    "https://esm.sh/v125/gas-entry-generator@2.1.0/denonext/gas-entry-generator.mjs": "9a7050b0dd4e31ae660146377324c7f2a11111201f02e34859a2795f8386530a",
    "https://esm.sh/v125/source-map@0.6.1/denonext/source-map.mjs": "ccff3bb06dea7c01a2c83cf12113697592e418fd06b55ae2bb4cb0a4e51a98b8"
  }
}
