{
  "version": "2",
  "remote": {
    "https://deno.land/std@0.186.0/_util/asserts.ts": "178dfc49a464aee693a7e285567b3d0b555dc805ff490505a8aae34f9cfb1462",
    "https://deno.land/std@0.186.0/_util/os.ts": "d932f56d41e4f6a6093d56044e29ce637f8dcc43c5a90af43504a889cf1775e3",
    "https://deno.land/std@0.186.0/flags/mod.ts": "4d829c5bd1d657799cdeb487c6e418960efc6f4d8ce6cadc38a54b9ce266160a",
    "https://deno.land/std@0.186.0/fs/_util.ts": "579038bebc3bd35c43a6a7766f7d91fbacdf44bc03468e9d3134297bb99ed4f9",
    "https://deno.land/std@0.186.0/fs/copy.ts": "14214efd94fc3aa6db1e4af2b4b9578e50f7362b7f3725d5a14ad259a5df26c8",
    "https://deno.land/std@0.186.0/fs/empty_dir.ts": "c3d2da4c7352fab1cf144a1ecfef58090769e8af633678e0f3fabaef98594688",
    "https://deno.land/std@0.186.0/fs/ensure_dir.ts": "dc64c4c75c64721d4e3fb681f1382f803ff3d2868f08563ff923fdd20d071c40",
    "https://deno.land/std@0.186.0/fs/ensure_file.ts": "c38602670bfaf259d86ca824a94e6cb9e5eb73757fefa4ebf43a90dd017d53d9",
    "https://deno.land/std@0.186.0/fs/ensure_link.ts": "c0f5b2f0ec094ed52b9128eccb1ee23362a617457aa0f699b145d4883f5b2fb4",
    "https://deno.land/std@0.186.0/fs/ensure_symlink.ts": "5006ab2f458159c56d689b53b1e48d57e05eeb1eaf64e677f7f76a30bc4fdba1",
    "https://deno.land/std@0.186.0/fs/eol.ts": "f1f2eb348a750c34500741987b21d65607f352cf7205f48f4319d417fff42842",
    "https://deno.land/std@0.186.0/fs/exists.ts": "29c26bca8584a22876be7cb8844f1b6c8fc35e9af514576b78f5c6884d7ed02d",
    "https://deno.land/std@0.186.0/fs/expand_glob.ts": "e4f56259a0a70fe23f05215b00de3ac5e6ba46646ab2a06ebbe9b010f81c972a",
    "https://deno.land/std@0.186.0/fs/mod.ts": "bc3d0acd488cc7b42627044caf47d72019846d459279544e1934418955ba4898",
    "https://deno.land/std@0.186.0/fs/move.ts": "b4f8f46730b40c32ea3c0bc8eb0fd0e8139249a698883c7b3756424cf19785c9",
    "https://deno.land/std@0.186.0/fs/walk.ts": "920be35a7376db6c0b5b1caf1486fb962925e38c9825f90367f8f26b5e5d0897",
    "https://deno.land/std@0.186.0/path/_constants.ts": "e49961f6f4f48039c0dfed3c3f93e963ca3d92791c9d478ac5b43183413136e0",
    "https://deno.land/std@0.186.0/path/_interface.ts": "6471159dfbbc357e03882c2266d21ef9afdb1e4aa771b0545e90db58a0ba314b",
    "https://deno.land/std@0.186.0/path/_util.ts": "d7abb1e0dea065f427b89156e28cdeb32b045870acdf865833ba808a73b576d0",
    "https://deno.land/std@0.186.0/path/common.ts": "ee7505ab01fd22de3963b64e46cff31f40de34f9f8de1fff6a1bd2fe79380000",
    "https://deno.land/std@0.186.0/path/glob.ts": "d479e0a695621c94d3fd7fe7abd4f9499caf32a8de13f25073451c6ef420a4e1",
    "https://deno.land/std@0.186.0/path/mod.ts": "ee161baec5ded6510ee1d1fb6a75a0f5e4b41f3f3301c92c716ecbdf7dae910d",
    "https://deno.land/std@0.186.0/path/posix.ts": "8b7c67ac338714b30c816079303d0285dd24af6b284f7ad63da5b27372a2c94d",
    "https://deno.land/std@0.186.0/path/separator.ts": "0fb679739d0d1d7bf45b68dacfb4ec7563597a902edbaf3c59b50d5bcadd93b1",
    "https://deno.land/std@0.186.0/path/win32.ts": "d186344e5583bcbf8b18af416d13d82b35a317116e6460a5a3953508c3de5bba",
    "https://deno.land/x/denoflate@1.2.1/mod.ts": "f5628e44b80b3d80ed525afa2ba0f12408e3849db817d47a883b801f9ce69dd6",
    "https://deno.land/x/denoflate@1.2.1/pkg/denoflate.js": "b9f9ad9457d3f12f28b1fb35c555f57443427f74decb403113d67364e4f2caf4",
    "https://deno.land/x/denoflate@1.2.1/pkg/denoflate_bg.wasm.js": "d581956245407a2115a3d7e8d85a9641c032940a8e810acbd59ca86afd34d44d",
    "https://deno.land/x/esbuild@v0.15.11/mod.d.ts": "12e96a8d05c8e2c5638aa9cb09f24222134d437abb2f3f52de0156adb2270719",
    "https://deno.land/x/esbuild@v0.17.18/mod.d.ts": "dc279a3a46f084484453e617c0cabcd5b8bd1920c0e562e4ea02dfc828c8f968",
    "https://deno.land/x/esbuild@v0.17.18/mod.js": "84b5044def8a2e94770b79d295a1dd74f5ee453514c5b4f33571e22e1c882898",
    "https://deno.land/x/esbuild_plugin_http_fetch@v1.0.3/index.js": "e4c54ff2747437390dbc1819fe10d38f6497fb1552a3e54a5f90c0b6d88ecfce",
    "https://esm.sh/esbuild-gas-plugin@0.5.0/mod.ts": "c3b351bf1d4a98ff90d1dfff15db39f66f3edd7c5c969efacc3bfe1e24758661",
    "https://esm.sh/gas-entry-generator@2.1.0": "f5ba8b1965464ef425e83ab95162ae1736ba218ec36c7e16c99f286ac2e9c967",
    "https://esm.sh/v119/esbuild-gas-plugin@0.5.0/generate.d.ts": "3781354d8c99e29cd934d1e6803560d757c77f9a2849ac233ef3341944871f48",
    "https://esm.sh/v119/escodegen@2.0.0/deno/escodegen.mjs": "3bb555e42b67302d3cdf8bfa2bf6b43137dad5772a490ed35222c4185793cd30",
    "https://esm.sh/v119/esprima@4.0.1/deno/esprima.mjs": "b99dde39ebdbeeab2621fd0e59a1d92fa684fc846cf6584a0e2cc2882ed4fc79",
    "https://esm.sh/v119/estraverse@5.2.0/deno/estraverse.mjs": "36096cadd0a200f3ee65da3412ddb188278f63da1d2fa2db69545acff27c9fdd",
    "https://esm.sh/v119/estraverse@5.3.0/deno/estraverse.mjs": "ecaf000143be1e6bda87f78fdda1c1dec7628b0b82e7c54bcc93c4a13a654e5b",
    "https://esm.sh/v119/esutils@2.0.3/deno/esutils.mjs": "33306fcc5736554fd6721c38771f368259834f597a40716e53ec375cb9b29709",
    "https://esm.sh/v119/gas-entry-generator@2.1.0/deno/gas-entry-generator.mjs": "a72f0d5af299aa8d44628fa2ffc75d61c4ae3dee6555f023a8d7470e08873804",
    "https://esm.sh/v119/source-map@0.6.1/deno/source-map.mjs": "084f8b64730f10981101d9b15987808b2fc6289c16f7b71cee3b11303ba4ef12",
    "https://raw.githubusercontent.com/ansanloms/deno-gas-oauth2-types/v38.0.0/types/index.d.ts": "74dd0fcaf986f1dfdaf958982bd8e36e6919ca4eca681ff20c52cd850f9882ed",
    "https://raw.githubusercontent.com/ansanloms/deno-gas-types/v1.0.56/mod.d.ts": "3a82d94d9bf3f19b37640d405789bfd592ee1ed70aa257d00b4088453d2d3e77",
    "https://raw.githubusercontent.com/ansanloms/deno-gas-types/v1.0.56/types/addons/google-apps-script.addon-event-objects.d.ts": "ad0ef9b75a91340f2c520135772377fc952269e698ed11ee5462b405208c823c",
    "https://raw.githubusercontent.com/ansanloms/deno-gas-types/v1.0.56/types/apis/adsense_v1_4.d.ts": "31a11630448de88070e7072bf62124dd1e220be5da02068e147bc862f0373ea0",
    "https://raw.githubusercontent.com/ansanloms/deno-gas-types/v1.0.56/types/apis/analytics_v3.d.ts": "c343224b69e0df1b0e383bc069726cf3a5402e8c7da434245997b25e6c7bc744",
    "https://raw.githubusercontent.com/ansanloms/deno-gas-types/v1.0.56/types/apis/analyticsreporting_v4.d.ts": "b2d2cac42aab80b779af47c1c7110c4a21d09f390bb705e265069fb375763446",
    "https://raw.githubusercontent.com/ansanloms/deno-gas-types/v1.0.56/types/apis/appsactivity_v1.d.ts": "e1cf49daeb2463552ad3dfa03c3ad672620886350bfd5b31b10acae6ebfbe0a0",
    "https://raw.githubusercontent.com/ansanloms/deno-gas-types/v1.0.56/types/apis/bigquery_v2.d.ts": "b560ea4612431835fef757bc2ecd0cd5363a76cd246e22c19afa52613b200b0b",
    "https://raw.githubusercontent.com/ansanloms/deno-gas-types/v1.0.56/types/apis/calendar_v3.d.ts": "a6f03720f2e1c693549503b0faebfebaa7e7f67548e598d754f83ab558197237",
    "https://raw.githubusercontent.com/ansanloms/deno-gas-types/v1.0.56/types/apis/classroom_v1.d.ts": "af877813a023d92f660d10b6765145fa6175c6122420684bfd48f808ff5442ba",
    "https://raw.githubusercontent.com/ansanloms/deno-gas-types/v1.0.56/types/apis/content_v2.d.ts": "ad9a7b413cf3d66cdfe1fde6e3898833ef8affdcc827fc2b635d7e5781708bec",
    "https://raw.githubusercontent.com/ansanloms/deno-gas-types/v1.0.56/types/apis/dfareporting_v3_3.d.ts": "1bb9baac84c15ad86504abce80da675eba04e29e81ccc22bf43f0b79e24bd090",
    "https://raw.githubusercontent.com/ansanloms/deno-gas-types/v1.0.56/types/apis/directory_v1.d.ts": "ef1970082bae05d7bc612ff7d6a1d0d631c31ff03fc995c9927b6aae8632eeda",
    "https://raw.githubusercontent.com/ansanloms/deno-gas-types/v1.0.56/types/apis/docs_v1.d.ts": "9123cab1d068a67f7c8ea337a629935cc2b031581a7dd63ade53cf39ffe83f7e",
    "https://raw.githubusercontent.com/ansanloms/deno-gas-types/v1.0.56/types/apis/drive_v2.d.ts": "8f6d436d1428e8f1d5fab61da00831f2318c7bf4f7875fc855b6c8fbb6f4daf2",
    "https://raw.githubusercontent.com/ansanloms/deno-gas-types/v1.0.56/types/apis/driveactivity_v2.d.ts": "a04d121ce6dd4ba450213596a455e5180d8c26ec5a1f3871880fc80ca5ea9557",
    "https://raw.githubusercontent.com/ansanloms/deno-gas-types/v1.0.56/types/apis/gmail_v1.d.ts": "d979ba48d61cb9abf24d283dfd06edcb70af3aff04c5bd1a038a42704e4b7aa6",
    "https://raw.githubusercontent.com/ansanloms/deno-gas-types/v1.0.56/types/apis/groupsmigration_v1.d.ts": "2235c665949d119ac0e86bcc18f878fb4517ed52ae692f0504342cb6cc267014",
    "https://raw.githubusercontent.com/ansanloms/deno-gas-types/v1.0.56/types/apis/groupssettings_v1.d.ts": "bcfe58710d89e6b8e8009f5e6254d2d94c0cdc9321bed96b37738d016871e57e",
    "https://raw.githubusercontent.com/ansanloms/deno-gas-types/v1.0.56/types/apis/licensing_v1.d.ts": "dedde3698772972d7d67b2a9bcc1b410fb27b1339a1ad5a280680784883dc30f",
    "https://raw.githubusercontent.com/ansanloms/deno-gas-types/v1.0.56/types/apis/mirror_v1.d.ts": "80eb4adea4c1c16cba959a292ab6dc9301bb7595bef57f4ca8a667cffe633189",
    "https://raw.githubusercontent.com/ansanloms/deno-gas-types/v1.0.56/types/apis/peopleapi_v1.d.ts": "621006f76ace82b08e1855a7a1fa575e40a8573112717df79314b73472dd6850",
    "https://raw.githubusercontent.com/ansanloms/deno-gas-types/v1.0.56/types/apis/reports_v1.d.ts": "ad071950f9ce9514c482833795987db9b10d8eddb2fa2d10901e00cf7659cf87",
    "https://raw.githubusercontent.com/ansanloms/deno-gas-types/v1.0.56/types/apis/reseller_v1.d.ts": "946c60cc53b3ca3bdca32f420aa34b52f48e02260f056fa11df704cad7a0b6f0",
    "https://raw.githubusercontent.com/ansanloms/deno-gas-types/v1.0.56/types/apis/sheets_v4.d.ts": "57b57adce604fb5aee65dce6970a931319d4b5e558b2ff06e8cb16ce8a5779ef",
    "https://raw.githubusercontent.com/ansanloms/deno-gas-types/v1.0.56/types/apis/slides_v1.d.ts": "b5f7299216f73a7b7d507b7e35c8276c94ee8746cf92850b9536a82ffd0d397d",
    "https://raw.githubusercontent.com/ansanloms/deno-gas-types/v1.0.56/types/apis/tagmanager_v2.d.ts": "639d12a36de7e73e02df1e569d184d7b397974cabe5521b43acd25b7b538b809",
    "https://raw.githubusercontent.com/ansanloms/deno-gas-types/v1.0.56/types/apis/tasks_v1.d.ts": "b353e06be689bc0400639590e14ba5067d7b0488a2efcdacff6c1bba958e57bd",
    "https://raw.githubusercontent.com/ansanloms/deno-gas-types/v1.0.56/types/apis/youtube_v3.d.ts": "ca8826827cee16af403484ee3672fe29996e851711a9cbc449d2e227e9fbc00e",
    "https://raw.githubusercontent.com/ansanloms/deno-gas-types/v1.0.56/types/apis/youtubeanalytics_v2.d.ts": "c345bcc97d24423e84d637944e00ef233bb3fe8f4a427c6a31d069dbcd1837fd",
    "https://raw.githubusercontent.com/ansanloms/deno-gas-types/v1.0.56/types/apis/youtubepartner_v1.d.ts": "1a0a8ba75027481533f7a3e72665a4ecdf9772707a4da1cd33450912453af568",
    "https://raw.githubusercontent.com/ansanloms/deno-gas-types/v1.0.56/types/google-apps-script-events.d.ts": "37b5d95971957c8c481425ec0f44c1185b81fab47491bb5f85f914e7f65e0fda",
    "https://raw.githubusercontent.com/ansanloms/deno-gas-types/v1.0.56/types/google-apps-script.base.d.ts": "71e5fbee25cfc6e0e2b23e2db6ab8329845940775c286509626c6bc66eaa3081",
    "https://raw.githubusercontent.com/ansanloms/deno-gas-types/v1.0.56/types/google-apps-script.cache.d.ts": "162c45096dc0361d7d660a7375f68fa84b360cc34d227ef5b9355e1e5e650b86",
    "https://raw.githubusercontent.com/ansanloms/deno-gas-types/v1.0.56/types/google-apps-script.calendar.d.ts": "6c7a903e84e07d04e09281860d34730df46b9f0be0973f5cecf90998239af333",
    "https://raw.githubusercontent.com/ansanloms/deno-gas-types/v1.0.56/types/google-apps-script.card-service.d.ts": "8c94ce739b229c80112251e6f59f7e983fd5972a14a1188d7ed9c8b7e550a477",
    "https://raw.githubusercontent.com/ansanloms/deno-gas-types/v1.0.56/types/google-apps-script.charts.d.ts": "c6195a1192272ff946d550ee8ae3870f03d2ffd36ba64f02c22fbc7709081acf",
    "https://raw.githubusercontent.com/ansanloms/deno-gas-types/v1.0.56/types/google-apps-script.conference-data.d.ts": "2ee620f01260495318172e20d32b10560b53a34937b93cca01a705029d20c1f7",
    "https://raw.githubusercontent.com/ansanloms/deno-gas-types/v1.0.56/types/google-apps-script.contacts.d.ts": "03c9c47b222ba290e5566c9c80355adf00af83d508fbc7c05ecd7a185d9b4882",
    "https://raw.githubusercontent.com/ansanloms/deno-gas-types/v1.0.56/types/google-apps-script.content.d.ts": "4761cad07d368a7f5a5302cca52549e29e29ae96555b10a8c695a728bc1010ef",
    "https://raw.githubusercontent.com/ansanloms/deno-gas-types/v1.0.56/types/google-apps-script.data-studio.d.ts": "0211bbf2507caf254463beff9bd5c65cc18f216d45017d5bb6fc69e41591f957",
    "https://raw.githubusercontent.com/ansanloms/deno-gas-types/v1.0.56/types/google-apps-script.document.d.ts": "053f7a3468dbc61b95a1aed2110428c421c82639dd6d9a4e105d2d2d24f7ef3b",
    "https://raw.githubusercontent.com/ansanloms/deno-gas-types/v1.0.56/types/google-apps-script.drive.d.ts": "3e7a80e39dd043c7a128af60bc0d4e9b30dd0d80d5ac76ed816563aed3c12a70",
    "https://raw.githubusercontent.com/ansanloms/deno-gas-types/v1.0.56/types/google-apps-script.forms.d.ts": "00da0d8e3f6bb486a25ad6df86e283419f0c2d406222d007cfb6c25432d8bb01",
    "https://raw.githubusercontent.com/ansanloms/deno-gas-types/v1.0.56/types/google-apps-script.gmail.d.ts": "2504b71eea9132b7d9a74a37e73d4a81b58eb47d382e17e6a5652dc34b820a8c",
    "https://raw.githubusercontent.com/ansanloms/deno-gas-types/v1.0.56/types/google-apps-script.groups.d.ts": "e6a239926f031ebf45e6353c97640d46f05bf6287314698610014db43a3e6ceb",
    "https://raw.githubusercontent.com/ansanloms/deno-gas-types/v1.0.56/types/google-apps-script.html.d.ts": "5ebb7ae36d2de0a285ad9b8f8a3770b8edaae5aa331b299a3733ce4fa9518d3b",
    "https://raw.githubusercontent.com/ansanloms/deno-gas-types/v1.0.56/types/google-apps-script.jdbc.d.ts": "8a164dc3853ca3fc45f2fe43282ccd9d1ff51ad5b21bab25da609a9969a34b5e",
    "https://raw.githubusercontent.com/ansanloms/deno-gas-types/v1.0.56/types/google-apps-script.language.d.ts": "17112b29a09794ed6137c4a64eed938cf4ff6548f5b71a4bd1e7e794795d1002",
    "https://raw.githubusercontent.com/ansanloms/deno-gas-types/v1.0.56/types/google-apps-script.lock.d.ts": "e8df9e45b15d0c8d77d3c0192d53b153fe71d86b60d8bb13deb366a3ad28713e",
    "https://raw.githubusercontent.com/ansanloms/deno-gas-types/v1.0.56/types/google-apps-script.mail.d.ts": "b3685798982b2840d6f36c1ce012a71a3648f3a8ac69d5712b826e8cd38d7054",
    "https://raw.githubusercontent.com/ansanloms/deno-gas-types/v1.0.56/types/google-apps-script.maps.d.ts": "dfe84105a69390e809a026b359aaddd7715c758f0d4bb52701fe2a5a01108078",
    "https://raw.githubusercontent.com/ansanloms/deno-gas-types/v1.0.56/types/google-apps-script.optimization.d.ts": "afc7ff04a671a22f05ad8bfc9a0383bbf331bab63fbaf32c963f4e3cc50c46da",
    "https://raw.githubusercontent.com/ansanloms/deno-gas-types/v1.0.56/types/google-apps-script.properties.d.ts": "e28d0868dbb29ced3e4f19ba03576300d235e02e586a0ca0930b06328bc94492",
    "https://raw.githubusercontent.com/ansanloms/deno-gas-types/v1.0.56/types/google-apps-script.script.d.ts": "ae268eb14f78b721ec69885a3765e5f11d8e984f0633caa109ec9159559760b5",
    "https://raw.githubusercontent.com/ansanloms/deno-gas-types/v1.0.56/types/google-apps-script.sites.d.ts": "e001385d8f2abe3621fe7a242106bf8fc22806c28d4fa9c5f6fb19591d0a8a4f",
    "https://raw.githubusercontent.com/ansanloms/deno-gas-types/v1.0.56/types/google-apps-script.slides.d.ts": "4ca53ec9f9f17d545bffbe7ebd67b20358dc70dfc84eb91e13247e63ac2c562f",
    "https://raw.githubusercontent.com/ansanloms/deno-gas-types/v1.0.56/types/google-apps-script.spreadsheet.d.ts": "b35fda6055de6a611b2552a7ccb6fdb490511947d565d8ed1d94db637e44dc01",
    "https://raw.githubusercontent.com/ansanloms/deno-gas-types/v1.0.56/types/google-apps-script.types.d.ts": "9e6668665a2759874a3a404a80f6a70566ff0de69c82426b6ce2f6177ede884c",
    "https://raw.githubusercontent.com/ansanloms/deno-gas-types/v1.0.56/types/google-apps-script.url-fetch.d.ts": "7da9a78940e39c9f9624edf9fc08350f24d99b45ad55946459a4db827878de04",
    "https://raw.githubusercontent.com/ansanloms/deno-gas-types/v1.0.56/types/google-apps-script.utilities.d.ts": "17c4a5ccb89c6138180e2c847e285fb0ff879ad6f5a139067b407c0784797815",
    "https://raw.githubusercontent.com/ansanloms/deno-gas-types/v1.0.56/types/google-apps-script.xml-service.d.ts": "0e041d88977daf95c08bfc794953dd4290278eead5dc7a25c37fc3c18bb2fc3e",
    "https://raw.githubusercontent.com/ansanloms/deno-gas-types/v1.0.56/types/index.d.ts": "96dc547fd9cfd592e74330579d827ca9d3f1543593e550bf8408cfd32691cf39",
    "https://raw.githubusercontent.com/ansanloms/deno-gas-types/v1.0.62/types/addons/google-apps-script.addon-event-objects.d.ts": "902708c6b0c190f3c95b5aa36302974a2a0c0780c105324ed435695140b16940",
    "https://raw.githubusercontent.com/ansanloms/deno-gas-types/v1.0.62/types/apis/adsense_v1_4.d.ts": "934b2e7e4a94140e302f90a423f4897f2b673fc550f3427851071ebe71407385",
    "https://raw.githubusercontent.com/ansanloms/deno-gas-types/v1.0.62/types/apis/analytics_v3.d.ts": "d731a090403a00341e83c7a2944713e5ad0014d2343e2ade5713e4950eb8d7dc",
    "https://raw.githubusercontent.com/ansanloms/deno-gas-types/v1.0.62/types/apis/analyticsreporting_v4.d.ts": "b07c17e10e45b8ad4410c49aa0241da1cbc16b285cf1a76353c60a9183548cee",
    "https://raw.githubusercontent.com/ansanloms/deno-gas-types/v1.0.62/types/apis/appsactivity_v1.d.ts": "107eab4f2f5ebc4cff6aebb13ea7c605899113316db511a12e79d912724afc14",
    "https://raw.githubusercontent.com/ansanloms/deno-gas-types/v1.0.62/types/apis/bigquery_v2.d.ts": "cc072f95e146e7b422d32ca79d2ddcc9dff5f2c086755db0b580cc84cf343df2",
    "https://raw.githubusercontent.com/ansanloms/deno-gas-types/v1.0.62/types/apis/calendar_v3.d.ts": "24a61e479df56b5412f6d3caa541e96ef5f2ebae1bfb0620d4aecdfd2c665c94",
    "https://raw.githubusercontent.com/ansanloms/deno-gas-types/v1.0.62/types/apis/classroom_v1.d.ts": "bd4a7f59dd487b824911c963e2a80719ac451cbd7da916fe0e1e49808d8ae6f9",
    "https://raw.githubusercontent.com/ansanloms/deno-gas-types/v1.0.62/types/apis/content_v2.d.ts": "a4d6e98a2e22cde484e1412b45a3d1b6830c4f132bbe1790ec99e481ec705794",
    "https://raw.githubusercontent.com/ansanloms/deno-gas-types/v1.0.62/types/apis/dfareporting_v3_3.d.ts": "e42059399c47e41c7feb619c5ff5b0a76ef432685fb0c7a3834e7cf2db6f2c78",
    "https://raw.githubusercontent.com/ansanloms/deno-gas-types/v1.0.62/types/apis/directory_v1.d.ts": "7aed004a229400e65e7bef4b8823458b79df37ad753c09707cdf365499c65570",
    "https://raw.githubusercontent.com/ansanloms/deno-gas-types/v1.0.62/types/apis/docs_v1.d.ts": "50a5a40876ebf5124ec824f873a12fda54a2d811b9229f8e99e81c5d08737564",
    "https://raw.githubusercontent.com/ansanloms/deno-gas-types/v1.0.62/types/apis/drive_v2.d.ts": "ad2357a9cd4b3e2b932d2bd9c6fdab087583e952e408a6b6dda2b584f2553d40",
    "https://raw.githubusercontent.com/ansanloms/deno-gas-types/v1.0.62/types/apis/driveactivity_v2.d.ts": "881e80a2c0f38af868982288d00b90ab1adefb6cd66aab17ff85b3afb47de086",
    "https://raw.githubusercontent.com/ansanloms/deno-gas-types/v1.0.62/types/apis/gmail_v1.d.ts": "2c2979241ba421f453dcf2f20be34da6ddb783e256c1cada67efce3588e15fc8",
    "https://raw.githubusercontent.com/ansanloms/deno-gas-types/v1.0.62/types/apis/groupsmigration_v1.d.ts": "7c033090e21871d18c6cea935dabfd8593cd78b2de4871c83c870c2d2a1a2cb0",
    "https://raw.githubusercontent.com/ansanloms/deno-gas-types/v1.0.62/types/apis/groupssettings_v1.d.ts": "6c0c9e418155d0a67b4a902468d4d5c592a036753780939e8ee70e552b7ca69f",
    "https://raw.githubusercontent.com/ansanloms/deno-gas-types/v1.0.62/types/apis/licensing_v1.d.ts": "fa590a337f12ef23ebd3dffee0690caf4c45865d690ce56aa92919c517a818e3",
    "https://raw.githubusercontent.com/ansanloms/deno-gas-types/v1.0.62/types/apis/mirror_v1.d.ts": "2b9bdc05077c60689080d6489eac5825d875d9ab281c84da3cd519b89260fd41",
    "https://raw.githubusercontent.com/ansanloms/deno-gas-types/v1.0.62/types/apis/peopleapi_v1.d.ts": "905d2c075f65c11d97e9074d397ba34097bf02248ec2c8cc4b44efe49b528216",
    "https://raw.githubusercontent.com/ansanloms/deno-gas-types/v1.0.62/types/apis/reports_v1.d.ts": "e11465fb79cde037d68f3ee6cce476d94dd3474a2c870ab840d7da2028bec069",
    "https://raw.githubusercontent.com/ansanloms/deno-gas-types/v1.0.62/types/apis/reseller_v1.d.ts": "37d96e5074256641b029c6e024ae9099767281b4765277d4b2d4ecd5121f96a9",
    "https://raw.githubusercontent.com/ansanloms/deno-gas-types/v1.0.62/types/apis/sheets_v4.d.ts": "394cfe38cc17cdc56d5b2fe49ee580a6c49824b9374f5e713c972714336d20aa",
    "https://raw.githubusercontent.com/ansanloms/deno-gas-types/v1.0.62/types/apis/slides_v1.d.ts": "81dcd1bec4481f9706aca134d82932db8033f806c07cf303d94bc0f1c0970808",
    "https://raw.githubusercontent.com/ansanloms/deno-gas-types/v1.0.62/types/apis/tagmanager_v2.d.ts": "550422a99b1fe3e478400c6b256c88fe5eaa918081d1c862e6dd775dcff73b76",
    "https://raw.githubusercontent.com/ansanloms/deno-gas-types/v1.0.62/types/apis/tasks_v1.d.ts": "76a132298c37942ca2b3e3511d9a9faf66051b2686df7d73603131ab5593fd54",
    "https://raw.githubusercontent.com/ansanloms/deno-gas-types/v1.0.62/types/apis/youtube_v3.d.ts": "deeb0357efe03a4a9561a1db82c3f88a2dba19b6af8b1413a0cf6735253a9bd6",
    "https://raw.githubusercontent.com/ansanloms/deno-gas-types/v1.0.62/types/apis/youtubeanalytics_v2.d.ts": "6507964e7d4cb033c1334d06e8961ae4370e8fde1901c90c662eefc26dae78b4",
    "https://raw.githubusercontent.com/ansanloms/deno-gas-types/v1.0.62/types/apis/youtubepartner_v1.d.ts": "5cc329c02069174c69facfdddff7d81abd1cf8aa20c2d74f7f5cdbd7f5b89b91",
    "https://raw.githubusercontent.com/ansanloms/deno-gas-types/v1.0.62/types/google-apps-script-events.d.ts": "f894efac7c4be01b0696e1602eb4786825ba4d585a8ecaf9d1a3069266b6dfa7",
    "https://raw.githubusercontent.com/ansanloms/deno-gas-types/v1.0.62/types/google-apps-script.base.d.ts": "df13c31addf4f664f90899366430bd18d72460db39a87c3ce942571808d9ffbd",
    "https://raw.githubusercontent.com/ansanloms/deno-gas-types/v1.0.62/types/google-apps-script.cache.d.ts": "4db84d2cc11665b7099ebfa2f4b31794cefd77b5006985091c8d0116a8d3db26",
    "https://raw.githubusercontent.com/ansanloms/deno-gas-types/v1.0.62/types/google-apps-script.calendar.d.ts": "9fd6ae93b067ebb41c163245d8dcd616bb4ad8bd2c0cc1cd35cb7b5029c24fab",
    "https://raw.githubusercontent.com/ansanloms/deno-gas-types/v1.0.62/types/google-apps-script.card-service.d.ts": "28705549887b02f7b1c6458f8733af36ae5b7c7c52e2e16abb4365fdeedebf75",
    "https://raw.githubusercontent.com/ansanloms/deno-gas-types/v1.0.62/types/google-apps-script.charts.d.ts": "76165cc89ddb80b4e8e135b4448e37738b90314222e47218ae7f26aba3c543ed",
    "https://raw.githubusercontent.com/ansanloms/deno-gas-types/v1.0.62/types/google-apps-script.conference-data.d.ts": "e15ec9b4e48e3b07c63f1744213c4577265f6b57bdcefcc9350e41490e55830d",
    "https://raw.githubusercontent.com/ansanloms/deno-gas-types/v1.0.62/types/google-apps-script.contacts.d.ts": "13ec6dcf327fa3a110abaae70e0774a98eacf83d81c74c66a84b411af00db8ec",
    "https://raw.githubusercontent.com/ansanloms/deno-gas-types/v1.0.62/types/google-apps-script.content.d.ts": "20c74d3913df90ab04eda7f417c0cacad09e025d64f4449d19bcf6450bb329a8",
    "https://raw.githubusercontent.com/ansanloms/deno-gas-types/v1.0.62/types/google-apps-script.data-studio.d.ts": "b0b66add7186ba87ee2eeaa02d5c2ed9e618280ca59c9680ff37ad896a80fe5b",
    "https://raw.githubusercontent.com/ansanloms/deno-gas-types/v1.0.62/types/google-apps-script.document.d.ts": "45513325178aa0bd28fff423015b456084c0b043c39dda3bc8bb2fa497e7309d",
    "https://raw.githubusercontent.com/ansanloms/deno-gas-types/v1.0.62/types/google-apps-script.drive.d.ts": "9e3b88f146e7255826f07ffaea19f75fc65e4b2eced489ea31b077fba60e97ae",
    "https://raw.githubusercontent.com/ansanloms/deno-gas-types/v1.0.62/types/google-apps-script.forms.d.ts": "8eaf01ca5ac407b651ea76d4b2a5007fbba45349ecae22134843e56f51935bc0",
    "https://raw.githubusercontent.com/ansanloms/deno-gas-types/v1.0.62/types/google-apps-script.gmail.d.ts": "baf33bf27b92cec2fedb7f9eb838744d12d8164b325a621a6b5fb0cc9ce95bef",
    "https://raw.githubusercontent.com/ansanloms/deno-gas-types/v1.0.62/types/google-apps-script.groups.d.ts": "5b3ca88f1c3b7164989ae63b71fccbb146a49e7e054c2a60f9bdc04ce6703a7b",
    "https://raw.githubusercontent.com/ansanloms/deno-gas-types/v1.0.62/types/google-apps-script.html.d.ts": "6e5e0c3f084996ea9574766da106c6c07699b9edff85e75893c64245f31f5c5c",
    "https://raw.githubusercontent.com/ansanloms/deno-gas-types/v1.0.62/types/google-apps-script.jdbc.d.ts": "8a6e4127cfbbd9b06b5c24b55aeb46e9711c4a4252efbd7c1ae56bbb3e2d8150",
    "https://raw.githubusercontent.com/ansanloms/deno-gas-types/v1.0.62/types/google-apps-script.language.d.ts": "9d7ab66cde3c73c9e4f7a619a20ed703d52df3c95a7586a3b2fc67bdd0eb7ffd",
    "https://raw.githubusercontent.com/ansanloms/deno-gas-types/v1.0.62/types/google-apps-script.lock.d.ts": "769663508333cfc8f794fba9eb1fbdf23c0247859b1d45b47238aab3092a264c",
    "https://raw.githubusercontent.com/ansanloms/deno-gas-types/v1.0.62/types/google-apps-script.mail.d.ts": "15bc404a1ce6d63e1a05f878980424008957ecce916faffa254fe9b955f27bec",
    "https://raw.githubusercontent.com/ansanloms/deno-gas-types/v1.0.62/types/google-apps-script.maps.d.ts": "27aa9e32ec9e4174f6065ff3ed34b60eda59f1fc735e07b3afeb3e97f828bdee",
    "https://raw.githubusercontent.com/ansanloms/deno-gas-types/v1.0.62/types/google-apps-script.optimization.d.ts": "26a418f8070433dafd63208f5e2639a131fc7106beff48ac9383bae9f1dccfab",
    "https://raw.githubusercontent.com/ansanloms/deno-gas-types/v1.0.62/types/google-apps-script.properties.d.ts": "f87392eb4ee9b185bdaee76dbb8c8485f2da05809afcbd2a8ca2f19aee77bfef",
    "https://raw.githubusercontent.com/ansanloms/deno-gas-types/v1.0.62/types/google-apps-script.script.d.ts": "c7d1debf21625158e69645cc6c9def9f9139610f0999d5c65e639b3f11dfd321",
    "https://raw.githubusercontent.com/ansanloms/deno-gas-types/v1.0.62/types/google-apps-script.sites.d.ts": "b2416085b38298cc8866d2d63a87f5360651bd13d07ec6059474f8943736d328",
    "https://raw.githubusercontent.com/ansanloms/deno-gas-types/v1.0.62/types/google-apps-script.slides.d.ts": "ea4fd767339643e0bc7a1bb578538f73a515615badf526a61e574be48844d573",
    "https://raw.githubusercontent.com/ansanloms/deno-gas-types/v1.0.62/types/google-apps-script.spreadsheet.d.ts": "8f863654db3eb0b200ac2ff2adcebceb151d28ecc683b3e3537d0408a3a3e7bd",
    "https://raw.githubusercontent.com/ansanloms/deno-gas-types/v1.0.62/types/google-apps-script.types.d.ts": "2d39ddb795ef58c99f279cd77b0422aeb4663d21b62cb3ed17cf9f8412da9387",
    "https://raw.githubusercontent.com/ansanloms/deno-gas-types/v1.0.62/types/google-apps-script.url-fetch.d.ts": "48c9dc61cf38ad89c806440764a263e8bab9d43dd79ae475966ead060c55cc59",
    "https://raw.githubusercontent.com/ansanloms/deno-gas-types/v1.0.62/types/google-apps-script.utilities.d.ts": "69c779daa5ef1e96f5264c69b6b3fc5864ca875030aed4f3df98edb224de63e0",
    "https://raw.githubusercontent.com/ansanloms/deno-gas-types/v1.0.62/types/google-apps-script.xml-service.d.ts": "168c217c493216ef522e857c381668d1c135b01638b97f67a40f1ac0089647da",
    "https://raw.githubusercontent.com/ansanloms/deno-gas-types/v1.0.62/types/index.d.ts": "96dc547fd9cfd592e74330579d827ca9d3f1543593e550bf8408cfd32691cf39"
  }
}
